{
  "lockfileVersion": 1,
  "configVersion": 1,
  "workspaces": {
    "": {
      "dependencies": {
        "ua-parser-js": "^2.0.10",
      },
    },
  },
  "packages": {
    "detect-europe-js": ["detect-europe-js@0.1.2", "", {}, "sha512-lgdERlL3u0aUdHocoouzT10d9I89VVhk0qNRmll7mXdGfJT1/wqZ2ZLA4oJAjeACPY5fT1wsbq2AT+GkuInsow=="],

    "is-standalone-pwa": ["is-standalone-pwa@0.1.1", "", {}, "sha512-9Cbovsa52vNQCjdXOzeQq5CnCbAcRk05aU62K20WO372NrTv0NxibLFCK6lQ4/iZEFdEA3p3t2VNOn8AJ53F5g=="],

    "ua-is-frozen": ["ua-is-frozen@0.1.2", "", {}, "sha512-RwKDW2p3iyWn4UbaxpP2+VxwqXh0jpvdxsYpZ5j/MLLiQOfbsV5shpgQiw93+KMYQPcteeMQ289MaAFzs3G9pw=="],

    "ua-parser-js": ["ua-parser-js@2.0.10", "", { "dependencies": { "detect-europe-js": "^0.1.2", "is-standalone-pwa": "^0.1.1", "ua-is-frozen": "^0.1.2" }, "bin": { "ua-parser-js": "script/cli.js" } }, "sha512-t+3Ktbq0Ies2vaSezfOaWiolH4OigQIO1dk+1xDpOydB1COVPocVYOrEV5rqZ0kFY9XYG1v9LutCyMgYBpABcw=="],
  }
}
